{
  "name": "kubectl-context",
  "lockfileVersion": 3,
  "requires": true,
  "packages": {
    "": {
      "dependencies": {
        "@girs/gjs": "^3.2.5",
        "@girs/gtk-4.0": "^4.12.3-3.2.5"
      }
    },
    "node_modules/@girs/cairo-1.0": {
      "version": "1.0.0-3.2.5",
      "resolved": "https://registry.npmjs.org/@girs/cairo-1.0/-/cairo-1.0-1.0.0-3.2.5.tgz",
      "integrity": "sha512-KUaNKNNgwh8MKqc/tzDQfW3DbXug4jPZtmnbazHfN1q34eBpOrtG5UaK7m3XKOeoFo1KbbKsPQHJyCAs7ZFIUQ==",
      "dependencies": {
        "@girs/gjs": "^3.2.5",
        "@girs/glib-2.0": "^2.78.0-3.2.5",
        "@girs/gobject-2.0": "^2.78.0-3.2.5"
      }
    },
    "node_modules/@girs/freetype2-2.0": {
      "version": "2.0.0-3.2.5",
      "resolved": "https://registry.npmjs.org/@girs/freetype2-2.0/-/freetype2-2.0-2.0.0-3.2.5.tgz",
      "integrity": "sha512-JKcGqMYevEVybaT8RvK8UOnFhJCTNNFadpLhh9oPvkbc2NwORvCU5s/VmRyDFNgIKacoxhZK2ho9p+51VuSL+Q==",
      "dependencies": {
        "@girs/gjs": "^3.2.5",
        "@girs/gobject-2.0": "^2.78.0-3.2.5"
      }
    },
    "node_modules/@girs/gdk-4.0": {
      "version": "4.0.0-3.2.5",
      "resolved": "https://registry.npmjs.org/@girs/gdk-4.0/-/gdk-4.0-4.0.0-3.2.5.tgz",
      "integrity": "sha512-e/a/+6n729KVliT8IHWPANlKJAL3CP/gRP+fpT/1iOun3BzjPbix6aEd31OTPhfeRIE+gpFiDoO/nItS79/BKw==",
      "dependencies": {
        "@girs/cairo-1.0": "^1.0.0-3.2.5",
        "@girs/freetype2-2.0": "^2.0.0-3.2.5",
        "@girs/gdkpixbuf-2.0": "^2.0.0-3.2.5",
        "@girs/gio-2.0": "^2.78.0-3.2.5",
        "@girs/gjs": "^3.2.5",
        "@girs/glib-2.0": "^2.78.0-3.2.5",
        "@girs/gmodule-2.0": "^2.0.0-3.2.5",
        "@girs/gobject-2.0": "^2.78.0-3.2.5",
        "@girs/harfbuzz-0.0": "^8.2.1-3.2.5",
        "@girs/pango-1.0": "^1.51.0-3.2.5",
        "@girs/pangocairo-1.0": "^1.0.0-3.2.5"
      }
    },
    "node_modules/@girs/gdkpixbuf-2.0": {
      "version": "2.0.0-3.2.5",
      "resolved": "https://registry.npmjs.org/@girs/gdkpixbuf-2.0/-/gdkpixbuf-2.0-2.0.0-3.2.5.tgz",
      "integrity": "sha512-PvyxWzkZMsy/jQyqou7v/13/eZiYwLEIq5TgSO6LI4j5gDzEFbDErap9ELlaYoUW/PnsWWIgRVp5u4b+W2cnMA==",
      "dependencies": {
        "@girs/gio-2.0": "^2.78.0-3.2.5",
        "@girs/gjs": "^3.2.5",
        "@girs/glib-2.0": "^2.78.0-3.2.5",
        "@girs/gmodule-2.0": "^2.0.0-3.2.5",
        "@girs/gobject-2.0": "^2.78.0-3.2.5"
      }
    },
    "node_modules/@girs/gio-2.0": {
      "version": "2.78.0-3.2.5",
      "resolved": "https://registry.npmjs.org/@girs/gio-2.0/-/gio-2.0-2.78.0-3.2.5.tgz",
      "integrity": "sha512-8QVn6rydZuevkkLbLTrURs9bHD8vbvfFZMzR/5iPsTrv6d5wCewUmMxiKEcMicnJmOIhBitu1ZboP8sljht90Q==",
      "dependencies": {
        "@girs/gjs": "^3.2.5",
        "@girs/glib-2.0": "^2.78.0-3.2.5",
        "@girs/gobject-2.0": "^2.78.0-3.2.5"
      }
    },
    "node_modules/@girs/gjs": {
      "version": "3.2.5",
      "resolved": "https://registry.npmjs.org/@girs/gjs/-/gjs-3.2.5.tgz",
      "integrity": "sha512-ndrJQnRmkw6SicVQSwm9IMy7dDPd6kPu19Hp2DFlQWsICG4wKailzRkzsxI064j9uLWQOjO3ydHiiDRpAjwU1Q==",
      "dependencies": {
        "@girs/glib-2.0": "^2.78.0-3.2.5",
        "@girs/gobject-2.0": "^2.78.0-3.2.5"
      }
    },
    "node_modules/@girs/glib-2.0": {
      "version": "2.78.0-3.2.5",
      "resolved": "https://registry.npmjs.org/@girs/glib-2.0/-/glib-2.0-2.78.0-3.2.5.tgz",
      "integrity": "sha512-VIfgmRPixvxh9i2FPE0ctvWgHMuzWkXjERtG4G8uxnBdH7HAL6+hcEFFYyn1JrkBm4XFVvikyUZYPPoahlDsaQ==",
      "dependencies": {
        "@girs/gjs": "^3.2.5",
        "@girs/gobject-2.0": "^2.78.0-3.2.5"
      }
    },
    "node_modules/@girs/gmodule-2.0": {
      "version": "2.0.0-3.2.5",
      "resolved": "https://registry.npmjs.org/@girs/gmodule-2.0/-/gmodule-2.0-2.0.0-3.2.5.tgz",
      "integrity": "sha512-oSjlOXzEYlrtYOAyTW57bRigRjpwqV0faeou+iSGj7n1/T/ZxJsPK7rdwAv/7vVB8nev4JT9z3YZyqocHzjIFA==",
      "dependencies": {
        "@girs/gjs": "^3.2.5",
        "@girs/glib-2.0": "^2.78.0-3.2.5",
        "@girs/gobject-2.0": "^2.78.0-3.2.5"
      }
    },
    "node_modules/@girs/gobject-2.0": {
      "version": "2.78.0-3.2.5",
      "resolved": "https://registry.npmjs.org/@girs/gobject-2.0/-/gobject-2.0-2.78.0-3.2.5.tgz",
      "integrity": "sha512-xjplH7Slij+l2/QFO9MYLoe+lHtHsQvZVIccGVOdZtaVMqL6wq3J2JH9ul6czf5EFnApuhN2pXFeE77Jacwduw==",
      "dependencies": {
        "@girs/gjs": "^3.2.5",
        "@girs/glib-2.0": "^2.78.0-3.2.5"
      }
    },
    "node_modules/@girs/graphene-1.0": {
      "version": "1.0.0-3.2.5",
      "resolved": "https://registry.npmjs.org/@girs/graphene-1.0/-/graphene-1.0-1.0.0-3.2.5.tgz",
      "integrity": "sha512-QI+HSiPeueAWk/A3Q7OasVFk/Iv3bLyrEuL50VE3LIiPlEOUAAwmfWaMk/gJlK8bs+Loc/f6fJPe231QV0Vijg==",
      "dependencies": {
        "@girs/gjs": "^3.2.5",
        "@girs/glib-2.0": "^2.78.0-3.2.5",
        "@girs/gobject-2.0": "^2.78.0-3.2.5"
      }
    },
    "node_modules/@girs/gsk-4.0": {
      "version": "4.0.0-3.2.5",
      "resolved": "https://registry.npmjs.org/@girs/gsk-4.0/-/gsk-4.0-4.0.0-3.2.5.tgz",
      "integrity": "sha512-RdupAGlahhVGGQljxiW1ST5a0Ntc1CevDvLOuYGK2YarOC7qh5Wb7Y5D4fCXiEesxgum+DUY2kY8zHj4DHdqvQ==",
      "dependencies": {
        "@girs/cairo-1.0": "^1.0.0-3.2.5",
        "@girs/freetype2-2.0": "^2.0.0-3.2.5",
        "@girs/gdk-4.0": "^4.0.0-3.2.5",
        "@girs/gdkpixbuf-2.0": "^2.0.0-3.2.5",
        "@girs/gio-2.0": "^2.78.0-3.2.5",
        "@girs/gjs": "^3.2.5",
        "@girs/glib-2.0": "^2.78.0-3.2.5",
        "@girs/gmodule-2.0": "^2.0.0-3.2.5",
        "@girs/gobject-2.0": "^2.78.0-3.2.5",
        "@girs/graphene-1.0": "^1.0.0-3.2.5",
        "@girs/harfbuzz-0.0": "^8.2.1-3.2.5",
        "@girs/pango-1.0": "^1.51.0-3.2.5",
        "@girs/pangocairo-1.0": "^1.0.0-3.2.5"
      }
    },
    "node_modules/@girs/gtk-4.0": {
      "version": "4.12.3-3.2.5",
      "resolved": "https://registry.npmjs.org/@girs/gtk-4.0/-/gtk-4.0-4.12.3-3.2.5.tgz",
      "integrity": "sha512-Dkmcjty0hMuqHU2nlrIR0jKLjClgFRfxuZmsjEUIQjfEopogZpVah6YXPlS5ss9E3WnBOT19AfXj+Lj2+211wg==",
      "dependencies": {
        "@girs/cairo-1.0": "^1.0.0-3.2.5",
        "@girs/freetype2-2.0": "^2.0.0-3.2.5",
        "@girs/gdk-4.0": "^4.0.0-3.2.5",
        "@girs/gdkpixbuf-2.0": "^2.0.0-3.2.5",
        "@girs/gio-2.0": "^2.78.0-3.2.5",
        "@girs/gjs": "^3.2.5",
        "@girs/glib-2.0": "^2.78.0-3.2.5",
        "@girs/gmodule-2.0": "^2.0.0-3.2.5",
        "@girs/gobject-2.0": "^2.78.0-3.2.5",
        "@girs/graphene-1.0": "^1.0.0-3.2.5",
        "@girs/gsk-4.0": "^4.0.0-3.2.5",
        "@girs/harfbuzz-0.0": "^8.2.1-3.2.5",
        "@girs/pango-1.0": "^1.51.0-3.2.5",
        "@girs/pangocairo-1.0": "^1.0.0-3.2.5"
      }
    },
    "node_modules/@girs/harfbuzz-0.0": {
      "version": "8.2.1-3.2.5",
      "resolved": "https://registry.npmjs.org/@girs/harfbuzz-0.0/-/harfbuzz-0.0-8.2.1-3.2.5.tgz",
      "integrity": "sha512-ybs7S1xPNZfZHAuu2uaS68Alarbod3aXpbj4WxrYJlsz9JCFO6xD1U29e9oAkglOcJmWi4DtF1AnzspuTu2iEw==",
      "dependencies": {
        "@girs/freetype2-2.0": "^2.0.0-3.2.5",
        "@girs/gjs": "^3.2.5",
        "@girs/glib-2.0": "^2.78.0-3.2.5",
        "@girs/gobject-2.0": "^2.78.0-3.2.5"
      }
    },
    "node_modules/@girs/pango-1.0": {
      "version": "1.51.0-3.2.5",
      "resolved": "https://registry.npmjs.org/@girs/pango-1.0/-/pango-1.0-1.51.0-3.2.5.tgz",
      "integrity": "sha512-ovr00FAEpbEhtsFb+dmZKgKcCrhNyAL26ypgaW+LswUQ7u6v5Qw1xQhWJSbQwEWxJ/ta48PyB/rrCVmNcHnDLg==",
      "dependencies": {
        "@girs/cairo-1.0": "^1.0.0-3.2.5",
        "@girs/freetype2-2.0": "^2.0.0-3.2.5",
        "@girs/gio-2.0": "^2.78.0-3.2.5",
        "@girs/gjs": "^3.2.5",
        "@girs/glib-2.0": "^2.78.0-3.2.5",
        "@girs/gobject-2.0": "^2.78.0-3.2.5",
        "@girs/harfbuzz-0.0": "^8.2.1-3.2.5"
      }
    },
    "node_modules/@girs/pangocairo-1.0": {
      "version": "1.0.0-3.2.5",
      "resolved": "https://registry.npmjs.org/@girs/pangocairo-1.0/-/pangocairo-1.0-1.0.0-3.2.5.tgz",
      "integrity": "sha512-bnzn8dbK5DVxtJdpL29oJ3UrlhABJ+8zazHudPHQrwuF6OOu3e37XFW6WCDucxHLQvvy9HTzNqm4xTYg4hAqbw==",
      "dependencies": {
        "@girs/cairo-1.0": "^1.0.0-3.2.5",
        "@girs/freetype2-2.0": "^2.0.0-3.2.5",
        "@girs/gio-2.0": "^2.78.0-3.2.5",
        "@girs/gjs": "^3.2.5",
        "@girs/glib-2.0": "^2.78.0-3.2.5",
        "@girs/gobject-2.0": "^2.78.0-3.2.5",
        "@girs/harfbuzz-0.0": "^8.2.1-3.2.5",
        "@girs/pango-1.0": "^1.51.0-3.2.5"
      }
    }
  }
}
